
Microsoft Visual Studio Solution File, Format Version 12.00
# Visual Studio Version 16
VisualStudioVersion = 16.0.30413.136
MinimumVisualStudioVersion = 10.0.40219.1
Project("{FAE04EC0-301F-11D3-BF4B-00C04F79EFBC}") = "ScreenShot", "ScreenShot\ScreenShot.csproj", "{18F0D75B-4A8C-438F-95DF-8026C7224627}"
EndProject
Project("{54435603-DBB4-11D2-8724-00A0C9A8B90C}") = "Setup", "Setup\Setup.vdproj", "{4C64BB55-D88E-4918-9291-05A4D9BCE053}"
EndProject
Global
	GlobalSection(SolutionConfigurationPlatforms) = preSolution
		Debug|Any CPU = Debug|Any CPU
		Release|Any CPU = Release|Any CPU
	EndGlobalSection
	GlobalSection(ProjectConfigurationPlatforms) = postSolution
		{18F0D75B-4A8C-438F-95DF-8026C7224627}.Debug|Any CPU.ActiveCfg = Debug|Any CPU
		{18F0D75B-4A8C-438F-95DF-8026C7224627}.Debug|Any CPU.Build.0 = Debug|Any CPU
		{18F0D75B-4A8C-438F-95DF-8026C7224627}.Release|Any CPU.ActiveCfg = Release|Any CPU
		{18F0D75B-4A8C-438F-95DF-8026C7224627}.Release|Any CPU.Build.0 = Release|Any CPU
		{4C64BB55-D88E-4918-9291-05A4D9BCE053}.Debug|Any CPU.ActiveCfg = Debug
		{4C64BB55-D88E-4918-9291-05A4D9BCE053}.Release|Any CPU.ActiveCfg = Release
	EndGlobalSection
	GlobalSection(SolutionProperties) = preSolution
		HideSolutionNode = FALSE
	EndGlobalSection
	GlobalSection(ExtensibilityGlobals) = postSolution
		SolutionGuid = {DB610B70-EA67-43D3-92D2-808BD751A0D3}
	EndGlobalSection
EndGlobal
